
Microsoft Visual Studio Solution File, Format Version 12.00
# Visual Studio Version 17
VisualStudioVersion = 17.2.32616.157
MinimumVisualStudioVersion = 10.0.40219.1
Project("{FAE04EC0-301F-11D3-BF4B-00C04F79EFBC}") = "cSharpTrainingProject", "cSharpTrainingProject\cSharpTrainingProject.csproj", "{BB489FDB-9BAD-43AE-AF77-1587B45008DE}"
EndProject
Global
	GlobalSection(SolutionConfigurationPlatforms) = preSolution
		Debug|Any CPU = Debug|Any CPU
		Release|Any CPU = Release|Any CPU
	EndGlobalSection
	GlobalSection(ProjectConfigurationPlatforms) = postSolution
		{BB489FDB-9BAD-43AE-AF77-1587B45008DE}.Debug|Any CPU.ActiveCfg = Debug|Any CPU
		{BB489FDB-9BAD-43AE-AF77-1587B45008DE}.Debug|Any CPU.Build.0 = Debug|Any CPU
		{BB489FDB-9BAD-43AE-AF77-1587B45008DE}.Release|Any CPU.ActiveCfg = Release|Any CPU
		{BB489FDB-9BAD-43AE-AF77-1587B45008DE}.Release|Any CPU.Build.0 = Release|Any CPU
	EndGlobalSection
	GlobalSection(SolutionProperties) = preSolution
		HideSolutionNode = FALSE
	EndGlobalSection
	GlobalSection(ExtensibilityGlobals) = postSolution
		SolutionGuid = {FFFE39AF-4289-4B77-B3A0-16256436B61F}
	EndGlobalSection
EndGlobal
